
Microsoft Visual Studio Solution File, Format Version 12.00
# Visual Studio Version 17
VisualStudioVersion = 17.1.32228.430
MinimumVisualStudioVersion = 10.0.40219.1
Project("{FAE04EC0-301F-11D3-BF4B-00C04F79EFBC}") = "Week5_P1", "Week5_P1.csproj", "{FD27B5D3-90FD-4120-81A3-11033C1156C4}"
EndProject
Global
	GlobalSection(SolutionConfigurationPlatforms) = preSolution
		Debug|Any CPU = Debug|Any CPU
		Release|Any CPU = Release|Any CPU
	EndGlobalSection
	GlobalSection(ProjectConfigurationPlatforms) = postSolution
		{FD27B5D3-90FD-4120-81A3-11033C1156C4}.Debug|Any CPU.ActiveCfg = Debug|Any CPU
		{FD27B5D3-90FD-4120-81A3-11033C1156C4}.Debug|Any CPU.Build.0 = Debug|Any CPU
		{FD27B5D3-90FD-4120-81A3-11033C1156C4}.Release|Any CPU.ActiveCfg = Release|Any CPU
		{FD27B5D3-90FD-4120-81A3-11033C1156C4}.Release|Any CPU.Build.0 = Release|Any CPU
	EndGlobalSection
	GlobalSection(SolutionProperties) = preSolution
		HideSolutionNode = FALSE
	EndGlobalSection
	GlobalSection(ExtensibilityGlobals) = postSolution
		SolutionGuid = {52A3BA88-8A52-4B7D-85C6-5415C718227F}
	EndGlobalSection
EndGlobal
