
Microsoft Visual Studio Solution File, Format Version 12.00
# Visual Studio Version 17
VisualStudioVersion = 17.1.32228.430
MinimumVisualStudioVersion = 10.0.40219.1
Project("{FAE04EC0-301F-11D3-BF4B-00C04F79EFBC}") = "Textbox_Kontrolü", "Textbox_Kontrolü.csproj", "{7904127F-6191-44CA-89EE-6F346AB100EE}"
EndProject
Global
	GlobalSection(SolutionConfigurationPlatforms) = preSolution
		Debug|Any CPU = Debug|Any CPU
		Release|Any CPU = Release|Any CPU
	EndGlobalSection
	GlobalSection(ProjectConfigurationPlatforms) = postSolution
		{7904127F-6191-44CA-89EE-6F346AB100EE}.Debug|Any CPU.ActiveCfg = Debug|Any CPU
		{7904127F-6191-44CA-89EE-6F346AB100EE}.Debug|Any CPU.Build.0 = Debug|Any CPU
		{7904127F-6191-44CA-89EE-6F346AB100EE}.Release|Any CPU.ActiveCfg = Release|Any CPU
		{7904127F-6191-44CA-89EE-6F346AB100EE}.Release|Any CPU.Build.0 = Release|Any CPU
	EndGlobalSection
	GlobalSection(SolutionProperties) = preSolution
		HideSolutionNode = FALSE
	EndGlobalSection
	GlobalSection(ExtensibilityGlobals) = postSolution
		SolutionGuid = {D1AEE245-80C3-46C4-99F1-8FF4865CCA85}
	EndGlobalSection
EndGlobal
